
Microsoft Visual Studio Solution File, Format Version 12.00
# Visual Studio 15
Project("{FAE04EC0-301F-11D3-BF4B-00C04F79EFBC}") = "Assembly-CSharp", "Assembly-CSharp.csproj", "{2E35177D-F89B-F0D9-6EB4-414AF871E254}"
EndProject
Project("{FAE04EC0-301F-11D3-BF4B-00C04F79EFBC}") = "Meryel.CodeAssist.Editor", "Meryel.CodeAssist.Editor.csproj", "{1D4F1D39-47B5-C406-012B-EC9822DD1175}"
EndProject
Global
	GlobalSection(SolutionConfigurationPlatforms) = preSolution
		Debug|Any CPU = Debug|Any CPU
		Release|Any CPU = Release|Any CPU
	EndGlobalSection
	GlobalSection(ProjectConfigurationPlatforms) = postSolution
		{2E35177D-F89B-F0D9-6EB4-414AF871E254}.Debug|Any CPU.ActiveCfg = Debug|Any CPU
		{2E35177D-F89B-F0D9-6EB4-414AF871E254}.Debug|Any CPU.Build.0 = Debug|Any CPU
		{2E35177D-F89B-F0D9-6EB4-414AF871E254}.Release|Any CPU.ActiveCfg = Release|Any CPU
		{2E35177D-F89B-F0D9-6EB4-414AF871E254}.Release|Any CPU.Build.0 = Release|Any CPU
		{1D4F1D39-47B5-C406-012B-EC9822DD1175}.Debug|Any CPU.ActiveCfg = Debug|Any CPU
		{1D4F1D39-47B5-C406-012B-EC9822DD1175}.Debug|Any CPU.Build.0 = Debug|Any CPU
		{1D4F1D39-47B5-C406-012B-EC9822DD1175}.Release|Any CPU.ActiveCfg = Release|Any CPU
		{1D4F1D39-47B5-C406-012B-EC9822DD1175}.Release|Any CPU.Build.0 = Release|Any CPU
	EndGlobalSection
	GlobalSection(SolutionProperties) = preSolution
		HideSolutionNode = FALSE
	EndGlobalSection
EndGlobal
